
Microsoft Visual Studio Solution File, Format Version 12.00
# Visual Studio 15
VisualStudioVersion = 15.0.28010.2003
MinimumVisualStudioVersion = 10.0.40219.1
Project("{FAE04EC0-301F-11D3-BF4B-00C04F79EFBC}") = "SistemaWebProj", "SistemaWebProj\SistemaWebProj.csproj", "{A04AB288-A3AA-46D3-BDD6-AD1358A7F67F}"
EndProject
Global
	GlobalSection(SolutionConfigurationPlatforms) = preSolution
		Debug|Any CPU = Debug|Any CPU
		Release|Any CPU = Release|Any CPU
	EndGlobalSection
	GlobalSection(ProjectConfigurationPlatforms) = postSolution
		{A04AB288-A3AA-46D3-BDD6-AD1358A7F67F}.Debug|Any CPU.ActiveCfg = Debug|Any CPU
		{A04AB288-A3AA-46D3-BDD6-AD1358A7F67F}.Debug|Any CPU.Build.0 = Debug|Any CPU
		{A04AB288-A3AA-46D3-BDD6-AD1358A7F67F}.Release|Any CPU.ActiveCfg = Release|Any CPU
		{A04AB288-A3AA-46D3-BDD6-AD1358A7F67F}.Release|Any CPU.Build.0 = Release|Any CPU
	EndGlobalSection
	GlobalSection(SolutionProperties) = preSolution
		HideSolutionNode = FALSE
	EndGlobalSection
	GlobalSection(ExtensibilityGlobals) = postSolution
		SolutionGuid = {AB5C9185-3935-46DB-BB81-44271A6B7AA6}
	EndGlobalSection
EndGlobal
